{
  "pins" : [
    {
      "identity" : "devicedna-ios",
      "kind" : "remoteSourceControl",
      "location" : "https://github.com/Judopay/DeviceDNA-iOS",
      "state" : {
        "revision" : "2694dba25a98f7d724922bcb119688e47ce4ddd6",
        "version" : "2.0.0"
      }
    },
    {
      "identity" : "openssl",
      "kind" : "remoteSourceControl",
      "location" : "https://github.com/krzyzanowskim/OpenSSL",
      "state" : {
        "revision" : "df45574d009dae57daca9ad0941de3c33be19365",
        "version" : "1.1.1500"
      }
    }
  ],
  "version" : 2
}
